
Microsoft Visual Studio Solution File, Format Version 12.00
# Visual Studio Version 17
VisualStudioVersion = 17.14.36623.8 d17.14
MinimumVisualStudioVersion = 10.0.40219.1
Project("{FAE04EC0-301F-11D3-BF4B-00C04F79EFBC}") = "002_bool", "002_bool.csproj", "{A40D32DB-5534-5F3D-7D23-7B8A1215D5AF}"
EndProject
Global
	GlobalSection(SolutionConfigurationPlatforms) = preSolution
		Debug|Any CPU = Debug|Any CPU
		Release|Any CPU = Release|Any CPU
	EndGlobalSection
	GlobalSection(ProjectConfigurationPlatforms) = postSolution
		{A40D32DB-5534-5F3D-7D23-7B8A1215D5AF}.Debug|Any CPU.ActiveCfg = Debug|Any CPU
		{A40D32DB-5534-5F3D-7D23-7B8A1215D5AF}.Debug|Any CPU.Build.0 = Debug|Any CPU
		{A40D32DB-5534-5F3D-7D23-7B8A1215D5AF}.Release|Any CPU.ActiveCfg = Release|Any CPU
		{A40D32DB-5534-5F3D-7D23-7B8A1215D5AF}.Release|Any CPU.Build.0 = Release|Any CPU
	EndGlobalSection
	GlobalSection(SolutionProperties) = preSolution
		HideSolutionNode = FALSE
	EndGlobalSection
	GlobalSection(ExtensibilityGlobals) = postSolution
		SolutionGuid = {D3E0F1EE-D6A9-4999-984B-86411E08DB36}
	EndGlobalSection
EndGlobal
